
Microsoft Visual Studio Solution File, Format Version 12.00
# Visual Studio 15
VisualStudioVersion = 15.0.26124.0
MinimumVisualStudioVersion = 15.0.26124.0
Project("{FAE04EC0-301F-11D3-BF4B-00C04F79EFBC}") = "Domain", "Domain\Domain.csproj", "{217F6433-D610-4BC6-90F7-174AA99DE2EF}"
EndProject
Project("{FAE04EC0-301F-11D3-BF4B-00C04F79EFBC}") = "Application", "Application\Application.csproj", "{B5820F13-2E76-4F3C-9E04-9CC9445A0717}"
EndProject
Project("{FAE04EC0-301F-11D3-BF4B-00C04F79EFBC}") = "Persistence", "Persistence\Persistence.csproj", "{BBEC9FED-70C2-44BB-81F1-EE57BF0D35A7}"
EndProject
Project("{FAE04EC0-301F-11D3-BF4B-00C04F79EFBC}") = "API", "API\API.csproj", "{13D72623-D72E-4752-8B96-172AD4E985CE}"
EndProject
Global
	GlobalSection(SolutionConfigurationPlatforms) = preSolution
		Debug|Any CPU = Debug|Any CPU
		Debug|x64 = Debug|x64
		Debug|x86 = Debug|x86
		Release|Any CPU = Release|Any CPU
		Release|x64 = Release|x64
		Release|x86 = Release|x86
	EndGlobalSection
	GlobalSection(SolutionProperties) = preSolution
		HideSolutionNode = FALSE
	EndGlobalSection
	GlobalSection(ProjectConfigurationPlatforms) = postSolution
		{217F6433-D610-4BC6-90F7-174AA99DE2EF}.Debug|Any CPU.ActiveCfg = Debug|Any CPU
		{217F6433-D610-4BC6-90F7-174AA99DE2EF}.Debug|Any CPU.Build.0 = Debug|Any CPU
		{217F6433-D610-4BC6-90F7-174AA99DE2EF}.Debug|x64.ActiveCfg = Debug|Any CPU
		{217F6433-D610-4BC6-90F7-174AA99DE2EF}.Debug|x64.Build.0 = Debug|Any CPU
		{217F6433-D610-4BC6-90F7-174AA99DE2EF}.Debug|x86.ActiveCfg = Debug|Any CPU
		{217F6433-D610-4BC6-90F7-174AA99DE2EF}.Debug|x86.Build.0 = Debug|Any CPU
		{217F6433-D610-4BC6-90F7-174AA99DE2EF}.Release|Any CPU.ActiveCfg = Release|Any CPU
		{217F6433-D610-4BC6-90F7-174AA99DE2EF}.Release|Any CPU.Build.0 = Release|Any CPU
		{217F6433-D610-4BC6-90F7-174AA99DE2EF}.Release|x64.ActiveCfg = Release|Any CPU
		{217F6433-D610-4BC6-90F7-174AA99DE2EF}.Release|x64.Build.0 = Release|Any CPU
		{217F6433-D610-4BC6-90F7-174AA99DE2EF}.Release|x86.ActiveCfg = Release|Any CPU
		{217F6433-D610-4BC6-90F7-174AA99DE2EF}.Release|x86.Build.0 = Release|Any CPU
		{B5820F13-2E76-4F3C-9E04-9CC9445A0717}.Debug|Any CPU.ActiveCfg = Debug|Any CPU
		{B5820F13-2E76-4F3C-9E04-9CC9445A0717}.Debug|Any CPU.Build.0 = Debug|Any CPU
		{B5820F13-2E76-4F3C-9E04-9CC9445A0717}.Debug|x64.ActiveCfg = Debug|Any CPU
		{B5820F13-2E76-4F3C-9E04-9CC9445A0717}.Debug|x64.Build.0 = Debug|Any CPU
		{B5820F13-2E76-4F3C-9E04-9CC9445A0717}.Debug|x86.ActiveCfg = Debug|Any CPU
		{B5820F13-2E76-4F3C-9E04-9CC9445A0717}.Debug|x86.Build.0 = Debug|Any CPU
		{B5820F13-2E76-4F3C-9E04-9CC9445A0717}.Release|Any CPU.ActiveCfg = Release|Any CPU
		{B5820F13-2E76-4F3C-9E04-9CC9445A0717}.Release|Any CPU.Build.0 = Release|Any CPU
		{B5820F13-2E76-4F3C-9E04-9CC9445A0717}.Release|x64.ActiveCfg = Release|Any CPU
		{B5820F13-2E76-4F3C-9E04-9CC9445A0717}.Release|x64.Build.0 = Release|Any CPU
		{B5820F13-2E76-4F3C-9E04-9CC9445A0717}.Release|x86.ActiveCfg = Release|Any CPU
		{B5820F13-2E76-4F3C-9E04-9CC9445A0717}.Release|x86.Build.0 = Release|Any CPU
		{BBEC9FED-70C2-44BB-81F1-EE57BF0D35A7}.Debug|Any CPU.ActiveCfg = Debug|Any CPU
		{BBEC9FED-70C2-44BB-81F1-EE57BF0D35A7}.Debug|Any CPU.Build.0 = Debug|Any CPU
		{BBEC9FED-70C2-44BB-81F1-EE57BF0D35A7}.Debug|x64.ActiveCfg = Debug|Any CPU
		{BBEC9FED-70C2-44BB-81F1-EE57BF0D35A7}.Debug|x64.Build.0 = Debug|Any CPU
		{BBEC9FED-70C2-44BB-81F1-EE57BF0D35A7}.Debug|x86.ActiveCfg = Debug|Any CPU
		{BBEC9FED-70C2-44BB-81F1-EE57BF0D35A7}.Debug|x86.Build.0 = Debug|Any CPU
		{BBEC9FED-70C2-44BB-81F1-EE57BF0D35A7}.Release|Any CPU.ActiveCfg = Release|Any CPU
		{BBEC9FED-70C2-44BB-81F1-EE57BF0D35A7}.Release|Any CPU.Build.0 = Release|Any CPU
		{BBEC9FED-70C2-44BB-81F1-EE57BF0D35A7}.Release|x64.ActiveCfg = Release|Any CPU
		{BBEC9FED-70C2-44BB-81F1-EE57BF0D35A7}.Release|x64.Build.0 = Release|Any CPU
		{BBEC9FED-70C2-44BB-81F1-EE57BF0D35A7}.Release|x86.ActiveCfg = Release|Any CPU
		{BBEC9FED-70C2-44BB-81F1-EE57BF0D35A7}.Release|x86.Build.0 = Release|Any CPU
		{13D72623-D72E-4752-8B96-172AD4E985CE}.Debug|Any CPU.ActiveCfg = Debug|Any CPU
		{13D72623-D72E-4752-8B96-172AD4E985CE}.Debug|Any CPU.Build.0 = Debug|Any CPU
		{13D72623-D72E-4752-8B96-172AD4E985CE}.Debug|x64.ActiveCfg = Debug|Any CPU
		{13D72623-D72E-4752-8B96-172AD4E985CE}.Debug|x64.Build.0 = Debug|Any CPU
		{13D72623-D72E-4752-8B96-172AD4E985CE}.Debug|x86.ActiveCfg = Debug|Any CPU
		{13D72623-D72E-4752-8B96-172AD4E985CE}.Debug|x86.Build.0 = Debug|Any CPU
		{13D72623-D72E-4752-8B96-172AD4E985CE}.Release|Any CPU.ActiveCfg = Release|Any CPU
		{13D72623-D72E-4752-8B96-172AD4E985CE}.Release|Any CPU.Build.0 = Release|Any CPU
		{13D72623-D72E-4752-8B96-172AD4E985CE}.Release|x64.ActiveCfg = Release|Any CPU
		{13D72623-D72E-4752-8B96-172AD4E985CE}.Release|x64.Build.0 = Release|Any CPU
		{13D72623-D72E-4752-8B96-172AD4E985CE}.Release|x86.ActiveCfg = Release|Any CPU
		{13D72623-D72E-4752-8B96-172AD4E985CE}.Release|x86.Build.0 = Release|Any CPU
	EndGlobalSection
EndGlobal
